// !$*UTF8*$!
{
	archiveVersion = 1;
	classes = {
	};
	objectVersion = 50;
	objects = {

/* Begin PBXBuildFile section */
		52C1153F22E9D832005FAFD0 /* AppDelegate.swift in Sources */ = {isa = PBXBuildFile; fileRef = 52C1153E22E9D832005FAFD0 /* AppDelegate.swift */; };
		52C1154122E9D832005FAFD0 /* ViewController.swift in Sources */ = {isa = PBXBuildFile; fileRef = 52C1154022E9D832005FAFD0 /* ViewController.swift */; };
		52C1154422E9D832005FAFD0 /* Main.storyboard in Resources */ = {isa = PBXBuildFile; fileRef = 52C1154222E9D832005FAFD0 /* Main.storyboard */; };
		52C1154622E9D833005FAFD0 /* Assets.xcassets in Resources */ = {isa = PBXBuildFile; fileRef = 52C1154522E9D833005FAFD0 /* Assets.xcassets */; };
		52C1154922E9D833005FAFD0 /* LaunchScreen.storyboard in Resources */ = {isa = PBXBuildFile; fileRef = 52C1154722E9D833005FAFD0 /* LaunchScreen.storyboard */; };
		52C1155422E9D833005FAFD0 /* Eloksh1Tests.swift in Sources */ = {isa = PBXBuildFile; fileRef = 52C1155322E9D833005FAFD0 /* Eloksh1Tests.swift */; };
		52C1155F22E9D833005FAFD0 /* Eloksh1UITests.swift in Sources */ = {isa = PBXBuildFile; fileRef = 52C1155E22E9D833005FAFD0 /* Eloksh1UITests.swift */; };
/* End PBXBuildFile section */

/* Begin PBXContainerItemProxy section */
		52C1155022E9D833005FAFD0 /* PBXContainerItemProxy */ = {
			isa = PBXContainerItemProxy;
			containerPortal = 52C1153322E9D832005FAFD0 /* Project object */;
			proxyType = 1;
			remoteGlobalIDString = 52C1153A22E9D832005FAFD0;
			remoteInfo = Eloksh1;
		};
		52C1155B22E9D833005FAFD0 /* PBXContainerItemProxy */ = {
			isa = PBXContainerItemProxy;
			containerPortal = 52C1153322E9D832005FAFD0 /* Project object */;
			proxyType = 1;
			remoteGlobalIDString = 52C1153A22E9D832005FAFD0;
			remoteInfo = Eloksh1;
		};
/* End PBXContainerItemProxy section */

/* Begin PBXFileReference section */
		52C1153B22E9D832005FAFD0 /* Eloksh1.app */ = {isa = PBXFileReference; explicitFileType = wrapper.application; includeInIndex = 0; path = Eloksh1.app; sourceTree = BUILT_PRODUCTS_DIR; };
		52C1153E22E9D832005FAFD0 /* AppDelegate.swift */ = {isa = PBXFileReference; lastKnownFileType = sourcecode.swift; path = AppDelegate.swift; sourceTree = "<group>"; };
		52C1154022E9D832005FAFD0 /* ViewController.swift */ = {isa = PBXFileReference; lastKnownFileType = sourcecode.swift; path = ViewController.swift; sourceTree = "<group>"; };
		52C1154322E9D832005FAFD0 /* Base */ = {isa = PBXFileReference; lastKnownFileType = file.storyboard; name = Base; path = Base.lproj/Main.storyboard; sourceTree = "<group>"; };
		52C1154522E9D833005FAFD0 /* Assets.xcassets */ = {isa = PBXFileReference; lastKnownFileType = folder.assetcatalog; path = Assets.xcassets; sourceTree = "<group>"; };
		52C1154822E9D833005FAFD0 /* Base */ = {isa = PBXFileReference; lastKnownFileType = file.storyboard; name = Base; path = Base.lproj/LaunchScreen.storyboard; sourceTree = "<group>"; };
		52C1154A22E9D833005FAFD0 /* Info.plist */ = {isa = PBXFileReference; lastKnownFileType = text.plist.xml; path = Info.plist; sourceTree = "<group>"; };
		52C1154F22E9D833005FAFD0 /* Eloksh1Tests.xctest */ = {isa = PBXFileReference; explicitFileType = wrapper.cfbundle; includeInIndex = 0; path = Eloksh1Tests.xctest; sourceTree = BUILT_PRODUCTS_DIR; };
		52C1155322E9D833005FAFD0 /* Eloksh1Tests.swift */ = {isa = PBXFileReference; lastKnownFileType = sourcecode.swift; path = Eloksh1Tests.swift; sourceTree = "<group>"; };
		52C1155522E9D833005FAFD0 /* Info.plist */ = {isa = PBXFileReference; lastKnownFileType = text.plist.xml; path = Info.plist; sourceTree = "<group>"; };
		52C1155A22E9D833005FAFD0 /* Eloksh1UITests.xctest */ = {isa = PBXFileReference; explicitFileType = wrapper.cfbundle; includeInIndex = 0; path = Eloksh1UITests.xctest; sourceTree = BUILT_PRODUCTS_DIR; };
		52C1155E22E9D833005FAFD0 /* Eloksh1UITests.swift */ = {isa = PBXFileReference; lastKnownFileType = sourcecode.swift; path = Eloksh1UITests.swift; sourceTree = "<group>"; };
		52C1156022E9D833005FAFD0 /* Info.plist */ = {isa = PBXFileReference; lastKnownFileType = text.plist.xml; path = Info.plist; sourceTree = "<group>"; };
/* End PBXFileReference section */

/* Begin PBXFrameworksBuildPhase section */
		52C1153822E9D832005FAFD0 /* Frameworks */ = {
			isa = PBXFrameworksBuildPhase;
			buildActionMask = 2147483647;
			files = (
			);
			runOnlyForDeploymentPostprocessing = 0;
		};
		52C1154C22E9D833005FAFD0 /* Frameworks */ = {
			isa = PBXFrameworksBuildPhase;
			buildActionMask = 2147483647;
			files = (
			);
			runOnlyForDeploymentPostprocessing = 0;
		};
		52C1155722E9D833005FAFD0 /* Frameworks */ = {
			isa = PBXFrameworksBuildPhase;
			buildActionMask = 2147483647;
			files = (
			);
			runOnlyForDeploymentPostprocessing = 0;
		};
/* End PBXFrameworksBuildPhase section */

/* Begin PBXGroup section */
		52C1153222E9D832005FAFD0 = {
			isa = PBXGroup;
			children = (
				52C1153D22E9D832005FAFD0 /* Eloksh1 */,
				52C1155222E9D833005FAFD0 /* Eloksh1Tests */,
				52C1155D22E9D833005FAFD0 /* Eloksh1UITests */,
				52C1153C22E9D832005FAFD0 /* Products */,
			);
			sourceTree = "<group>";
		};
		52C1153C22E9D832005FAFD0 /* Products */ = {
			isa = PBXGroup;
			children = (
				52C1153B22E9D832005FAFD0 /* Eloksh1.app */,
				52C1154F22E9D833005FAFD0 /* Eloksh1Tests.xctest */,
				52C1155A22E9D833005FAFD0 /* Eloksh1UITests.xctest */,
			);
			name = Products;
			sourceTree = "<group>";
		};
		52C1153D22E9D832005FAFD0 /* Eloksh1 */ = {
			isa = PBXGroup;
			children = (
				52C1153E22E9D832005FAFD0 /* AppDelegate.swift */,
				52C1154022E9D832005FAFD0 /* ViewController.swift */,
				52C1154222E9D832005FAFD0 /* Main.storyboard */,
				52C1154522E9D833005FAFD0 /* Assets.xcassets */,
				52C1154722E9D833005FAFD0 /* LaunchScreen.storyboard */,
				52C1154A22E9D833005FAFD0 /* Info.plist */,
			);
			path = Eloksh1;
			sourceTree = "<group>";
		};
		52C1155222E9D833005FAFD0 /* Eloksh1Tests */ = {
			isa = PBXGroup;
			children = (
				52C1155322E9D833005FAFD0 /* Eloksh1Tests.swift */,
				52C1155522E9D833005FAFD0 /* Info.plist */,
			);
			path = Eloksh1Tests;
			sourceTree = "<group>";
		};
		52C1155D22E9D833005FAFD0 /* Eloksh1UITests */ = {
			isa = PBXGroup;
			children = (
				52C1155E22E9D833005FAFD0 /* Eloksh1UITests.swift */,
				52C1156022E9D833005FAFD0 /* Info.plist */,
			);
			path = Eloksh1UITests;
			sourceTree = "<group>";
		};
/* End PBXGroup section */

/* Begin PBXNativeTarget section */
		52C1153A22E9D832005FAFD0 /* Eloksh1 */ = {
			isa = PBXNativeTarget;
			buildConfigurationList = 52C1156322E9D833005FAFD0 /* Build configuration list for PBXNativeTarget "Eloksh1" */;
			buildPhases = (
				52C1153722E9D832005FAFD0 /* Sources */,
				52C1153822E9D832005FAFD0 /* Frameworks */,
				52C1153922E9D832005FAFD0 /* Resources */,
			);
			buildRules = (
			);
			dependencies = (
			);
			name = Eloksh1;
			productName = Eloksh1;
			productReference = 52C1153B22E9D832005FAFD0 /* Eloksh1.app */;
			productType = "com.apple.product-type.application";
		};
		52C1154E22E9D833005FAFD0 /* Eloksh1Tests */ = {
			isa = PBXNativeTarget;
			buildConfigurationList = 52C1156622E9D833005FAFD0 /* Build configuration list for PBXNativeTarget "Eloksh1Tests" */;
			buildPhases = (
				52C1154B22E9D833005FAFD0 /* Sources */,
				52C1154C22E9D833005FAFD0 /* Frameworks */,
				52C1154D22E9D833005FAFD0 /* Resources */,
			);
			buildRules = (
			);
			dependencies = (
				52C1155122E9D833005FAFD0 /* PBXTargetDependency */,
			);
			name = Eloksh1Tests;
			productName = Eloksh1Tests;
			productReference = 52C1154F22E9D833005FAFD0 /* Eloksh1Tests.xctest */;
			productType = "com.apple.product-type.bundle.unit-test";
		};
		52C1155922E9D833005FAFD0 /* Eloksh1UITests */ = {
			isa = PBXNativeTarget;
			buildConfigurationList = 52C1156922E9D833005FAFD0 /* Build configuration list for PBXNativeTarget "Eloksh1UITests" */;
			buildPhases = (
				52C1155622E9D833005FAFD0 /* Sources */,
				52C1155722E9D833005FAFD0 /* Frameworks */,
				52C1155822E9D833005FAFD0 /* Resources */,
			);
			buildRules = (
			);
			dependencies = (
				52C1155C22E9D833005FAFD0 /* PBXTargetDependency */,
			);
			name = Eloksh1UITests;
			productName = Eloksh1UITests;
			productReference = 52C1155A22E9D833005FAFD0 /* Eloksh1UITests.xctest */;
			productType = "com.apple.product-type.bundle.ui-testing";
		};
/* End PBXNativeTarget section */

/* Begin PBXProject section */
		52C1153322E9D832005FAFD0 /* Project object */ = {
			isa = PBXProject;
			attributes = {
				LastSwiftUpdateCheck = 1020;
				LastUpgradeCheck = 1020;
				ORGANIZATIONNAME = macbookpro;
				TargetAttributes = {
					52C1153A22E9D832005FAFD0 = {
						CreatedOnToolsVersion = 10.2.1;
					};
					52C1154E22E9D833005FAFD0 = {
						CreatedOnToolsVersion = 10.2.1;
						TestTargetID = 52C1153A22E9D832005FAFD0;
					};
					52C1155922E9D833005FAFD0 = {
						CreatedOnToolsVersion = 10.2.1;
						TestTargetID = 52C1153A22E9D832005FAFD0;
					};
				};
			};
			buildConfigurationList = 52C1153622E9D832005FAFD0 /* Build configuration list for PBXProject "Eloksh1" */;
			compatibilityVersion = "Xcode 9.3";
			developmentRegion = en;
			hasScannedForEncodings = 0;
			knownRegions = (
				en,
				Base,
			);
			mainGroup = 52C1153222E9D832005FAFD0;
			productRefGroup = 52C1153C22E9D832005FAFD0 /* Products */;
			projectDirPath = "";
			projectRoot = "";
			targets = (
				52C1153A22E9D832005FAFD0 /* Eloksh1 */,
				52C1154E22E9D833005FAFD0 /* Eloksh1Tests */,
				52C1155922E9D833005FAFD0 /* Eloksh1UITests */,
			);
		};
/* End PBXProject section */

/* Begin PBXResourcesBuildPhase section */
		52C1153922E9D832005FAFD0 /* Resources */ = {
			isa = PBXResourcesBuildPhase;
			buildActionMask = 2147483647;
			files = (
				52C1154922E9D833005FAFD0 /* LaunchScreen.storyboard in Resources */,
				52C1154622E9D833005FAFD0 /* Assets.xcassets in Resources */,
				52C1154422E9D832005FAFD0 /* Main.storyboard in Resources */,
			);
			runOnlyForDeploymentPostprocessing = 0;
		};
		52C1154D22E9D833005FAFD0 /* Resources */ = {
			isa = PBXResourcesBuildPhase;
			buildActionMask = 2147483647;
			files = (
			);
			runOnlyForDeploymentPostprocessing = 0;
		};
		52C1155822E9D833005FAFD0 /* Resources */ = {
			isa = PBXResourcesBuildPhase;
			buildActionMask = 2147483647;
			files = (
			);
			runOnlyForDeploymentPostprocessing = 0;
		};
/* End PBXResourcesBuildPhase section */

/* Begin PBXSourcesBuildPhase section */
		52C1153722E9D832005FAFD0 /* Sources */ = {
			isa = PBXSourcesBuildPhase;
			buildActionMask = 2147483647;
			files = (
				52C1154122E9D832005FAFD0 /* ViewController.swift in Sources */,
				52C1153F22E9D832005FAFD0 /* AppDelegate.swift in Sources */,
			);
			runOnlyForDeploymentPostprocessing = 0;
		};
		52C1154B22E9D833005FAFD0 /* Sources */ = {
			isa = PBXSourcesBuildPhase;
			buildActionMask = 2147483647;
			files = (
				52C1155422E9D833005FAFD0 /* Eloksh1Tests.swift in Sources */,
			);
			runOnlyForDeploymentPostprocessing = 0;
		};
		52C1155622E9D833005FAFD0 /* Sources */ = {
			isa = PBXSourcesBuildPhase;
			buildActionMask = 2147483647;
			files = (
				52C1155F22E9D833005FAFD0 /* Eloksh1UITests.swift in Sources */,
			);
			runOnlyForDeploymentPostprocessing = 0;
		};
/* End PBXSourcesBuildPhase section */

/* Begin PBXTargetDependency section */
		52C1155122E9D833005FAFD0 /* PBXTargetDependency */ = {
			isa = PBXTargetDependency;
			target = 52C1153A22E9D832005FAFD0 /* Eloksh1 */;
			targetProxy = 52C1155022E9D833005FAFD0 /* PBXContainerItemProxy */;
		};
		52C1155C22E9D833005FAFD0 /* PBXTargetDependency */ = {
			isa = PBXTargetDependency;
			target = 52C1153A22E9D832005FAFD0 /* Eloksh1 */;
			targetProxy = 52C1155B22E9D833005FAFD0 /* PBXContainerItemProxy */;
		};
/* End PBXTargetDependency section */

/* Begin PBXVariantGroup section */
		52C1154222E9D832005FAFD0 /* Main.storyboard */ = {
			isa = PBXVariantGroup;
			children = (
				52C1154322E9D832005FAFD0 /* Base */,
			);
			name = Main.storyboard;
			sourceTree = "<group>";
		};
		52C1154722E9D833005FAFD0 /* LaunchScreen.storyboard */ = {
			isa = PBXVariantGroup;
			children = (
				52C1154822E9D833005FAFD0 /* Base */,
			);
			name = LaunchScreen.storyboard;
			sourceTree = "<group>";
		};
/* End PBXVariantGroup section */

/* Begin XCBuildConfiguration section */
		52C1156122E9D833005FAFD0 /* Debug */ = {
			isa = XCBuildConfiguration;
			buildSettings = {
				ALWAYS_SEARCH_USER_PATHS = NO;
				CLANG_ANALYZER_NONNULL = YES;
				CLANG_ANALYZER_NUMBER_OBJECT_CONVERSION = YES_AGGRESSIVE;
				CLANG_CXX_LANGUAGE_STANDARD = "gnu++14";
				CLANG_CXX_LIBRARY = "libc++";
				CLANG_ENABLE_MODULES = YES;
				CLANG_ENABLE_OBJC_ARC = YES;
				CLANG_ENABLE_OBJC_WEAK = YES;
				CLANG_WARN_BLOCK_CAPTURE_AUTORELEASING = YES;
				CLANG_WARN_BOOL_CONVERSION = YES;
				CLANG_WARN_COMMA = YES;
				CLANG_WARN_CONSTANT_CONVERSION = YES;
				CLANG_WARN_DEPRECATED_OBJC_IMPLEMENTATIONS = YES;
				CLANG_WARN_DIRECT_OBJC_ISA_USAGE = YES_ERROR;
				CLANG_WARN_DOCUMENTATION_COMMENTS = YES;
				CLANG_WARN_EMPTY_BODY = YES;
				CLANG_WARN_ENUM_CONVERSION = YES;
				CLANG_WARN_INFINITE_RECURSION = YES;
				CLANG_WARN_INT_CONVERSION = YES;
				CLANG_WARN_NON_LITERAL_NULL_CONVERSION = YES;
				CLANG_WARN_OBJC_IMPLICIT_RETAIN_SELF = YES;
				CLANG_WARN_OBJC_LITERAL_CONVERSION = YES;
				CLANG_WARN_OBJC_ROOT_CLASS = YES_ERROR;
				CLANG_WARN_RANGE_LOOP_ANALYSIS = YES;
				CLANG_WARN_STRICT_PROTOTYPES = YES;
				CLANG_WARN_SUSPICIOUS_MOVE = YES;
				CLANG_WARN_UNGUARDED_AVAILABILITY = YES_AGGRESSIVE;
				CLANG_WARN_UNREACHABLE_CODE = YES;
				CLANG_WARN__DUPLICATE_METHOD_MATCH = YES;
				CODE_SIGN_IDENTITY = "iPhone Developer";
				COPY_PHASE_STRIP = NO;
				DEBUG_INFORMATION_FORMAT = dwarf;
				ENABLE_STRICT_OBJC_MSGSEND = YES;
				ENABLE_TESTABILITY = YES;
				GCC_C_LANGUAGE_STANDARD = gnu11;
				GCC_DYNAMIC_NO_PIC = NO;
				GCC_NO_COMMON_BLOCKS = YES;
				GCC_OPTIMIZATION_LEVEL = 0;
				GCC_PREPROCESSOR_DEFINITIONS = (
					"DEBUG=1",
					"$(inherited)",
				);
				GCC_WARN_64_TO_32_BIT_CONVERSION = YES;
				GCC_WARN_ABOUT_RETURN_TYPE = YES_ERROR;
				GCC_WARN_UNDECLARED_SELECTOR = YES;
				GCC_WARN_UNINITIALIZED_AUTOS = YES_AGGRESSIVE;
				GCC_WARN_UNUSED_FUNCTION = YES;
				GCC_WARN_UNUSED_VARIABLE = YES;
				IPHONEOS_DEPLOYMENT_TARGET = 12.2;
				MTL_ENABLE_DEBUG_INFO = INCLUDE_SOURCE;
				MTL_FAST_MATH = YES;
				ONLY_ACTIVE_ARCH = YES;
				SDKROOT = iphoneos;
				SWIFT_ACTIVE_COMPILATION_CONDITIONS = DEBUG;
				SWIFT_OPTIMIZATION_LEVEL = "-Onone";
			};
			name = Debug;
		};
		52C1156222E9D833005FAFD0 /* Release */ = {
			isa = XCBuildConfiguration;
			buildSettings = {
				ALWAYS_SEARCH_USER_PATHS = NO;
				CLANG_ANALYZER_NONNULL = YES;
				CLANG_ANALYZER_NUMBER_OBJECT_CONVERSION = YES_AGGRESSIVE;
				CLANG_CXX_LANGUAGE_STANDARD = "gnu++14";
				CLANG_CXX_LIBRARY = "libc++";
				CLANG_ENABLE_MODULES = YES;
				CLANG_ENABLE_OBJC_ARC = YES;
				CLANG_ENABLE_OBJC_WEAK = YES;
				CLANG_WARN_BLOCK_CAPTURE_AUTORELEASING = YES;
				CLANG_WARN_BOOL_CONVERSION = YES;
				CLANG_WARN_COMMA = YES;
				CLANG_WARN_CONSTANT_CONVERSION = YES;
				CLANG_WARN_DEPRECATED_OBJC_IMPLEMENTATIONS = YES;
				CLANG_WARN_DIRECT_OBJC_ISA_USAGE = YES_ERROR;
				CLANG_WARN_DOCUMENTATION_COMMENTS = YES;
				CLANG_WARN_EMPTY_BODY = YES;
				CLANG_WARN_ENUM_CONVERSION = YES;
				CLANG_WARN_INFINITE_RECURSION = YES;
				CLANG_WARN_INT_CONVERSION = YES;
				CLANG_WARN_NON_LITERAL_NULL_CONVERSION = YES;
				CLANG_WARN_OBJC_IMPLICIT_RETAIN_SELF = YES;
				CLANG_WARN_OBJC_LITERAL_CONVERSION = YES;
				CLANG_WARN_OBJC_ROOT_CLASS = YES_ERROR;
				CLANG_WARN_RANGE_LOOP_ANALYSIS = YES;
				CLANG_WARN_STRICT_PROTOTYPES = YES;
				CLANG_WARN_SUSPICIOUS_MOVE = YES;
				CLANG_WARN_UNGUARDED_AVAILABILITY = YES_AGGRESSIVE;
				CLANG_WARN_UNREACHABLE_CODE = YES;
				CLANG_WARN__DUPLICATE_METHOD_MATCH = YES;
				CODE_SIGN_IDENTITY = "iPhone Developer";
				COPY_PHASE_STRIP = NO;
				DEBUG_INFORMATION_FORMAT = "dwarf-with-dsym";
				ENABLE_NS_ASSERTIONS = NO;
				ENABLE_STRICT_OBJC_MSGSEND = YES;
				GCC_C_LANGUAGE_STANDARD = gnu11;
				GCC_NO_COMMON_BLOCKS = YES;
				GCC_WARN_64_TO_32_BIT_CONVERSION = YES;
				GCC_WARN_ABOUT_RETURN_TYPE = YES_ERROR;
				GCC_WARN_UNDECLARED_SELECTOR = YES;
				GCC_WARN_UNINITIALIZED_AUTOS = YES_AGGRESSIVE;
				GCC_WARN_UNUSED_FUNCTION = YES;
				GCC_WARN_UNUSED_VARIABLE = YES;
				IPHONEOS_DEPLOYMENT_TARGET = 12.2;
				MTL_ENABLE_DEBUG_INFO = NO;
				MTL_FAST_MATH = YES;
				SDKROOT = iphoneos;
				SWIFT_COMPILATION_MODE = wholemodule;
				SWIFT_OPTIMIZATION_LEVEL = "-O";
				VALIDATE_PRODUCT = YES;
			};
			name = Release;
		};
		52C1156422E9D833005FAFD0 /* Debug */ = {
			isa = XCBuildConfiguration;
			buildSettings = {
				ASSETCATALOG_COMPILER_APPICON_NAME = AppIcon;
				CODE_SIGN_STYLE = Automatic;
				INFOPLIST_FILE = Eloksh1/Info.plist;
				LD_RUNPATH_SEARCH_PATHS = (
					"$(inherited)",
					"@executable_path/Frameworks",
				);
				PRODUCT_BUNDLE_IDENTIFIER = "mmaeloksh-gmail.com.Eloksh1";
				PRODUCT_NAME = "$(TARGET_NAME)";
				SWIFT_VERSION = 5.0;
				TARGETED_DEVICE_FAMILY = "1,2";
			};
			name = Debug;
		};
		52C1156522E9D833005FAFD0 /* Release */ = {
			isa = XCBuildConfiguration;
			buildSettings = {
				ASSETCATALOG_COMPILER_APPICON_NAME = AppIcon;
				CODE_SIGN_STYLE = Automatic;
				INFOPLIST_FILE = Eloksh1/Info.plist;
				LD_RUNPATH_SEARCH_PATHS = (
					"$(inherited)",
					"@executable_path/Frameworks",
				);
				PRODUCT_BUNDLE_IDENTIFIER = "mmaeloksh-gmail.com.Eloksh1";
				PRODUCT_NAME = "$(TARGET_NAME)";
				SWIFT_VERSION = 5.0;
				TARGETED_DEVICE_FAMILY = "1,2";
			};
			name = Release;
		};
		52C1156722E9D833005FAFD0 /* Debug */ = {
			isa = XCBuildConfiguration;
			buildSettings = {
				ALWAYS_EMBED_SWIFT_STANDARD_LIBRARIES = YES;
				BUNDLE_LOADER = "$(TEST_HOST)";
				CODE_SIGN_STYLE = Automatic;
				INFOPLIST_FILE = Eloksh1Tests/Info.plist;
				LD_RUNPATH_SEARCH_PATHS = (
					"$(inherited)",
					"@executable_path/Frameworks",
					"@loader_path/Frameworks",
				);
				PRODUCT_BUNDLE_IDENTIFIER = "mmaeloksh-gmail.com.Eloksh1Tests";
				PRODUCT_NAME = "$(TARGET_NAME)";
				SWIFT_VERSION = 5.0;
				TARGETED_DEVICE_FAMILY = "1,2";
				TEST_HOST = "$(BUILT_PRODUCTS_DIR)/Eloksh1.app/Eloksh1";
			};
			name = Debug;
		};
		52C1156822E9D833005FAFD0 /* Release */ = {
			isa = XCBuildConfiguration;
			buildSettings = {
				ALWAYS_EMBED_SWIFT_STANDARD_LIBRARIES = YES;
				BUNDLE_LOADER = "$(TEST_HOST)";
				CODE_SIGN_STYLE = Automatic;
				INFOPLIST_FILE = Eloksh1Tests/Info.plist;
				LD_RUNPATH_SEARCH_PATHS = (
					"$(inherited)",
					"@executable_path/Frameworks",
					"@loader_path/Frameworks",
				);
				PRODUCT_BUNDLE_IDENTIFIER = "mmaeloksh-gmail.com.Eloksh1Tests";
				PRODUCT_NAME = "$(TARGET_NAME)";
				SWIFT_VERSION = 5.0;
				TARGETED_DEVICE_FAMILY = "1,2";
				TEST_HOST = "$(BUILT_PRODUCTS_DIR)/Eloksh1.app/Eloksh1";
			};
			name = Release;
		};
		52C1156A22E9D833005FAFD0 /* Debug */ = {
			isa = XCBuildConfiguration;
			buildSettings = {
				ALWAYS_EMBED_SWIFT_STANDARD_LIBRARIES = YES;
				CODE_SIGN_STYLE = Automatic;
				INFOPLIST_FILE = Eloksh1UITests/Info.plist;
				LD_RUNPATH_SEARCH_PATHS = (
					"$(inherited)",
					"@executable_path/Frameworks",
					"@loader_path/Frameworks",
				);
				PRODUCT_BUNDLE_IDENTIFIER = "mmaeloksh-gmail.com.Eloksh1UITests";
				PRODUCT_NAME = "$(TARGET_NAME)";
				SWIFT_VERSION = 5.0;
				TARGETED_DEVICE_FAMILY = "1,2";
				TEST_TARGET_NAME = Eloksh1;
			};
			name = Debug;
		};
		52C1156B22E9D833005FAFD0 /* Release */ = {
			isa = XCBuildConfiguration;
			buildSettings = {
				ALWAYS_EMBED_SWIFT_STANDARD_LIBRARIES = YES;
				CODE_SIGN_STYLE = Automatic;
				INFOPLIST_FILE = Eloksh1UITests/Info.plist;
				LD_RUNPATH_SEARCH_PATHS = (
					"$(inherited)",
					"@executable_path/Frameworks",
					"@loader_path/Frameworks",
				);
				PRODUCT_BUNDLE_IDENTIFIER = "mmaeloksh-gmail.com.Eloksh1UITests";
				PRODUCT_NAME = "$(TARGET_NAME)";
				SWIFT_VERSION = 5.0;
				TARGETED_DEVICE_FAMILY = "1,2";
				TEST_TARGET_NAME = Eloksh1;
			};
			name = Release;
		};
/* End XCBuildConfiguration section */

/* Begin XCConfigurationList section */
		52C1153622E9D832005FAFD0 /* Build configuration list for PBXProject "Eloksh1" */ = {
			isa = XCConfigurationList;
			buildConfigurations = (
				52C1156122E9D833005FAFD0 /* Debug */,
				52C1156222E9D833005FAFD0 /* Release */,
			);
			defaultConfigurationIsVisible = 0;
			defaultConfigurationName = Release;
		};
		52C1156322E9D833005FAFD0 /* Build configuration list for PBXNativeTarget "Eloksh1" */ = {
			isa = XCConfigurationList;
			buildConfigurations = (
				52C1156422E9D833005FAFD0 /* Debug */,
				52C1156522E9D833005FAFD0 /* Release */,
			);
			defaultConfigurationIsVisible = 0;
			defaultConfigurationName = Release;
		};
		52C1156622E9D833005FAFD0 /* Build configuration list for PBXNativeTarget "Eloksh1Tests" */ = {
			isa = XCConfigurationList;
			buildConfigurations = (
				52C1156722E9D833005FAFD0 /* Debug */,
				52C1156822E9D833005FAFD0 /* Release */,
			);
			defaultConfigurationIsVisible = 0;
			defaultConfigurationName = Release;
		};
		52C1156922E9D833005FAFD0 /* Build configuration list for PBXNativeTarget "Eloksh1UITests" */ = {
			isa = XCConfigurationList;
			buildConfigurations = (
				52C1156A22E9D833005FAFD0 /* Debug */,
				52C1156B22E9D833005FAFD0 /* Release */,
			);
			defaultConfigurationIsVisible = 0;
			defaultConfigurationName = Release;
		};
/* End XCConfigurationList section */
	};
	rootObject = 52C1153322E9D832005FAFD0 /* Project object */;
}
